
Microsoft Visual Studio Solution File, Format Version 12.00
# Visual Studio Version 17
VisualStudioVersion = 17.11.35303.130
MinimumVisualStudioVersion = 10.0.40219.1
Project("{FAE04EC0-301F-11D3-BF4B-00C04F79EFBC}") = "Unit 2 Project", "Unit 2 Project\Unit 2 Project.csproj", "{CDA55C79-A3C1-4EDB-B435-89E3EA30C431}"
EndProject
Global
	GlobalSection(SolutionConfigurationPlatforms) = preSolution
		Debug|Any CPU = Debug|Any CPU
		Release|Any CPU = Release|Any CPU
	EndGlobalSection
	GlobalSection(ProjectConfigurationPlatforms) = postSolution
		{CDA55C79-A3C1-4EDB-B435-89E3EA30C431}.Debug|Any CPU.ActiveCfg = Debug|Any CPU
		{CDA55C79-A3C1-4EDB-B435-89E3EA30C431}.Debug|Any CPU.Build.0 = Debug|Any CPU
		{CDA55C79-A3C1-4EDB-B435-89E3EA30C431}.Release|Any CPU.ActiveCfg = Release|Any CPU
		{CDA55C79-A3C1-4EDB-B435-89E3EA30C431}.Release|Any CPU.Build.0 = Release|Any CPU
	EndGlobalSection
	GlobalSection(SolutionProperties) = preSolution
		HideSolutionNode = FALSE
	EndGlobalSection
	GlobalSection(ExtensibilityGlobals) = postSolution
		SolutionGuid = {589D54F9-D4D5-4D99-9138-D4A9D082302B}
	EndGlobalSection
EndGlobal
